
Microsoft Visual Studio Solution File, Format Version 12.00
# Visual Studio Version 16
VisualStudioVersion = 25.0.1700.0
MinimumVisualStudioVersion = 10.0.40219.1
Project("{FAE04EC0-301F-11D3-BF4B-00C04F79EFBC}") = "eVehicleStartupLog.Android", "eVehicleStartupLog\eVehicleStartupLog.Android\eVehicleStartupLog.Android.csproj", "{B1258607-132F-4003-8B00-9D5BFE24468F}"
EndProject
Project("{FAE04EC0-301F-11D3-BF4B-00C04F79EFBC}") = "eVehicleStartupLog.iOS", "eVehicleStartupLog\eVehicleStartupLog.iOS\eVehicleStartupLog.iOS.csproj", "{4DB3293B-661F-4CE3-AE69-4D03559B46EF}"
EndProject
Project("{FAE04EC0-301F-11D3-BF4B-00C04F79EFBC}") = "eVehicleStartupLog", "eVehicleStartupLog\eVehicleStartupLog\eVehicleStartupLog.csproj", "{C8645DEA-F99E-4EF7-A405-E223312A400E}"
EndProject
Global
	GlobalSection(SolutionConfigurationPlatforms) = preSolution
		Debug|Any CPU = Debug|Any CPU
		Release|Any CPU = Release|Any CPU
		Debug|iPhoneSimulator = Debug|iPhoneSimulator
		Release|iPhoneSimulator = Release|iPhoneSimulator
		Debug|iPhone = Debug|iPhone
		Release|iPhone = Release|iPhone
	EndGlobalSection
	GlobalSection(ProjectConfigurationPlatforms) = postSolution
		{B1258607-132F-4003-8B00-9D5BFE24468F}.Debug|Any CPU.ActiveCfg = Debug|Any CPU
		{B1258607-132F-4003-8B00-9D5BFE24468F}.Debug|Any CPU.Build.0 = Debug|Any CPU
		{B1258607-132F-4003-8B00-9D5BFE24468F}.Release|Any CPU.ActiveCfg = Release|Any CPU
		{B1258607-132F-4003-8B00-9D5BFE24468F}.Release|Any CPU.Build.0 = Release|Any CPU
		{B1258607-132F-4003-8B00-9D5BFE24468F}.Debug|iPhoneSimulator.ActiveCfg = Debug|Any CPU
		{B1258607-132F-4003-8B00-9D5BFE24468F}.Debug|iPhoneSimulator.Build.0 = Debug|Any CPU
		{B1258607-132F-4003-8B00-9D5BFE24468F}.Release|iPhoneSimulator.ActiveCfg = Release|Any CPU
		{B1258607-132F-4003-8B00-9D5BFE24468F}.Release|iPhoneSimulator.Build.0 = Release|Any CPU
		{B1258607-132F-4003-8B00-9D5BFE24468F}.Debug|iPhone.ActiveCfg = Debug|Any CPU
		{B1258607-132F-4003-8B00-9D5BFE24468F}.Debug|iPhone.Build.0 = Debug|Any CPU
		{B1258607-132F-4003-8B00-9D5BFE24468F}.Release|iPhone.ActiveCfg = Release|Any CPU
		{B1258607-132F-4003-8B00-9D5BFE24468F}.Release|iPhone.Build.0 = Release|Any CPU
		{4DB3293B-661F-4CE3-AE69-4D03559B46EF}.Debug|Any CPU.ActiveCfg = Debug|iPhoneSimulator
		{4DB3293B-661F-4CE3-AE69-4D03559B46EF}.Debug|Any CPU.Build.0 = Debug|iPhoneSimulator
		{4DB3293B-661F-4CE3-AE69-4D03559B46EF}.Release|Any CPU.ActiveCfg = Release|iPhoneSimulator
		{4DB3293B-661F-4CE3-AE69-4D03559B46EF}.Release|Any CPU.Build.0 = Release|iPhoneSimulator
		{4DB3293B-661F-4CE3-AE69-4D03559B46EF}.Debug|iPhoneSimulator.ActiveCfg = Debug|iPhoneSimulator
		{4DB3293B-661F-4CE3-AE69-4D03559B46EF}.Debug|iPhoneSimulator.Build.0 = Debug|iPhoneSimulator
		{4DB3293B-661F-4CE3-AE69-4D03559B46EF}.Release|iPhoneSimulator.ActiveCfg = Release|iPhoneSimulator
		{4DB3293B-661F-4CE3-AE69-4D03559B46EF}.Release|iPhoneSimulator.Build.0 = Release|iPhoneSimulator
		{4DB3293B-661F-4CE3-AE69-4D03559B46EF}.Debug|iPhone.ActiveCfg = Debug|iPhone
		{4DB3293B-661F-4CE3-AE69-4D03559B46EF}.Debug|iPhone.Build.0 = Debug|iPhone
		{4DB3293B-661F-4CE3-AE69-4D03559B46EF}.Release|iPhone.ActiveCfg = Release|iPhone
		{4DB3293B-661F-4CE3-AE69-4D03559B46EF}.Release|iPhone.Build.0 = Release|iPhone
		{C8645DEA-F99E-4EF7-A405-E223312A400E}.Debug|Any CPU.ActiveCfg = Debug|Any CPU
		{C8645DEA-F99E-4EF7-A405-E223312A400E}.Debug|Any CPU.Build.0 = Debug|Any CPU
		{C8645DEA-F99E-4EF7-A405-E223312A400E}.Release|Any CPU.ActiveCfg = Release|Any CPU
		{C8645DEA-F99E-4EF7-A405-E223312A400E}.Release|Any CPU.Build.0 = Release|Any CPU
		{C8645DEA-F99E-4EF7-A405-E223312A400E}.Debug|iPhoneSimulator.ActiveCfg = Debug|Any CPU
		{C8645DEA-F99E-4EF7-A405-E223312A400E}.Debug|iPhoneSimulator.Build.0 = Debug|Any CPU
		{C8645DEA-F99E-4EF7-A405-E223312A400E}.Release|iPhoneSimulator.ActiveCfg = Release|Any CPU
		{C8645DEA-F99E-4EF7-A405-E223312A400E}.Release|iPhoneSimulator.Build.0 = Release|Any CPU
		{C8645DEA-F99E-4EF7-A405-E223312A400E}.Debug|iPhone.ActiveCfg = Debug|Any CPU
		{C8645DEA-F99E-4EF7-A405-E223312A400E}.Debug|iPhone.Build.0 = Debug|Any CPU
		{C8645DEA-F99E-4EF7-A405-E223312A400E}.Release|iPhone.ActiveCfg = Release|Any CPU
		{C8645DEA-F99E-4EF7-A405-E223312A400E}.Release|iPhone.Build.0 = Release|Any CPU
	EndGlobalSection
	GlobalSection(SolutionProperties) = preSolution
		HideSolutionNode = FALSE
	EndGlobalSection
	GlobalSection(ExtensibilityGlobals) = postSolution
		SolutionGuid = {48EBCF69-4F68-453E-8B96-46E3B503F4E3}
	EndGlobalSection
EndGlobal
